// !$*UTF8*$!
{
	archiveVersion = 1;
	classes = {
	};
	objectVersion = 50;
	objects = {

/* Begin PBXBuildFile section */
		291E3CF4217A3942006C3D4D /* AppDelegate.swift in Sources */ = {isa = PBXBuildFile; fileRef = 291E3CF3217A3942006C3D4D /* AppDelegate.swift */; };
		291E3CF6217A3942006C3D4D /* ViewController.swift in Sources */ = {isa = PBXBuildFile; fileRef = 291E3CF5217A3942006C3D4D /* ViewController.swift */; };
		291E3CF9217A3942006C3D4D /* Main.storyboard in Resources */ = {isa = PBXBuildFile; fileRef = 291E3CF7217A3942006C3D4D /* Main.storyboard */; };
		291E3CFB217A3943006C3D4D /* Assets.xcassets in Resources */ = {isa = PBXBuildFile; fileRef = 291E3CFA217A3943006C3D4D /* Assets.xcassets */; };
		291E3CFE217A3943006C3D4D /* LaunchScreen.storyboard in Resources */ = {isa = PBXBuildFile; fileRef = 291E3CFC217A3943006C3D4D /* LaunchScreen.storyboard */; };
		291E3D0F217A39BD006C3D4D /* ExtendedButton.swift in Sources */ = {isa = PBXBuildFile; fileRef = 291E3D0C217A39BD006C3D4D /* ExtendedButton.swift */; };
		291E3D10217A39BD006C3D4D /* ExtendedTextView.swift in Sources */ = {isa = PBXBuildFile; fileRef = 291E3D0D217A39BD006C3D4D /* ExtendedTextView.swift */; };
		291E3D11217A39BD006C3D4D /* ExtendedLabel.swift in Sources */ = {isa = PBXBuildFile; fileRef = 291E3D0E217A39BD006C3D4D /* ExtendedLabel.swift */; };
		291E3D14217A3A7B006C3D4D /* FormView.swift in Sources */ = {isa = PBXBuildFile; fileRef = 291E3D13217A3A7B006C3D4D /* FormView.swift */; };
		291E3D16217A3B13006C3D4D /* FormGroup.swift in Sources */ = {isa = PBXBuildFile; fileRef = 291E3D15217A3B13006C3D4D /* FormGroup.swift */; };
		299040FE219E525D007DF31F /* FormHeaderFooterView.swift in Sources */ = {isa = PBXBuildFile; fileRef = 299040FD219E525D007DF31F /* FormHeaderFooterView.swift */; };
		29904102219E5283007DF31F /* FormHeaderFooter.swift in Sources */ = {isa = PBXBuildFile; fileRef = 29904101219E5283007DF31F /* FormHeaderFooter.swift */; };
		29904105219E56DC007DF31F /* FormHeaderFooterContainer.swift in Sources */ = {isa = PBXBuildFile; fileRef = 29904104219E56DC007DF31F /* FormHeaderFooterContainer.swift */; };
		29904107219E56EF007DF31F /* FormHeaderFooterContainerView.swift in Sources */ = {isa = PBXBuildFile; fileRef = 29904106219E56EF007DF31F /* FormHeaderFooterContainerView.swift */; };
		29904109219E6A24007DF31F /* TestHeaderFooterView.xib in Resources */ = {isa = PBXBuildFile; fileRef = 29904108219E6A24007DF31F /* TestHeaderFooterView.xib */; };
		2990410F219E75AB007DF31F /* FormCell.swift in Sources */ = {isa = PBXBuildFile; fileRef = 2990410E219E75AB007DF31F /* FormCell.swift */; };
		29904111219E75B4007DF31F /* FormCellView.swift in Sources */ = {isa = PBXBuildFile; fileRef = 29904110219E75B4007DF31F /* FormCellView.swift */; };
		29904113219E771F007DF31F /* Former.swift in Sources */ = {isa = PBXBuildFile; fileRef = 29904112219E771F007DF31F /* Former.swift */; };
		29904115219E7B3A007DF31F /* FormCellContainer.swift in Sources */ = {isa = PBXBuildFile; fileRef = 29904114219E7B3A007DF31F /* FormCellContainer.swift */; };
		29904117219E7B9B007DF31F /* FormCellContainerView.swift in Sources */ = {isa = PBXBuildFile; fileRef = 29904116219E7B9B007DF31F /* FormCellContainerView.swift */; };
		299FD8CC219D076400A1CE48 /* TestViewController.swift in Sources */ = {isa = PBXBuildFile; fileRef = 299FD8CB219D076400A1CE48 /* TestViewController.swift */; };
		299FD94E219D5A5F00A1CE48 /* FormControllable.swift in Sources */ = {isa = PBXBuildFile; fileRef = 299FD94D219D5A5F00A1CE48 /* FormControllable.swift */; };
		299FD950219D5AA900A1CE48 /* FormLabelControl.swift in Sources */ = {isa = PBXBuildFile; fileRef = 299FD94F219D5AA900A1CE48 /* FormLabelControl.swift */; };
		299FD952219D5ACC00A1CE48 /* FormBadgeControl.swift in Sources */ = {isa = PBXBuildFile; fileRef = 299FD951219D5ACC00A1CE48 /* FormBadgeControl.swift */; };
		299FD954219D5AE400A1CE48 /* FormTextFieldControl.swift in Sources */ = {isa = PBXBuildFile; fileRef = 299FD953219D5AE400A1CE48 /* FormTextFieldControl.swift */; };
		299FD956219D5AFC00A1CE48 /* FormTextViewControl.swift in Sources */ = {isa = PBXBuildFile; fileRef = 299FD955219D5AFC00A1CE48 /* FormTextViewControl.swift */; };
		299FD95A219D611000A1CE48 /* FormSwitcherControl.swift in Sources */ = {isa = PBXBuildFile; fileRef = 299FD959219D611000A1CE48 /* FormSwitcherControl.swift */; };
		299FD95E219DAAE600A1CE48 /* FormImageControl.swift in Sources */ = {isa = PBXBuildFile; fileRef = 299FD95D219DAAE600A1CE48 /* FormImageControl.swift */; };
		29AF404A21A279730054360B /* FormVerticalContainerControl.swift in Sources */ = {isa = PBXBuildFile; fileRef = 29AF404921A279730054360B /* FormVerticalContainerControl.swift */; };
		29AF404C21A27D950054360B /* FormHorizontalContainerControl.swift in Sources */ = {isa = PBXBuildFile; fileRef = 29AF404B21A27D950054360B /* FormHorizontalContainerControl.swift */; };
		29AF404E21A283E70054360B /* FormButtonControl.swift in Sources */ = {isa = PBXBuildFile; fileRef = 29AF404D21A283E70054360B /* FormButtonControl.swift */; };
		29AF405121A297E20054360B /* FormValidator.swift in Sources */ = {isa = PBXBuildFile; fileRef = 29AF405021A297E20054360B /* FormValidator.swift */; };
		29AF405321A298B90054360B /* FormLengthValidator.swift in Sources */ = {isa = PBXBuildFile; fileRef = 29AF405221A298B90054360B /* FormLengthValidator.swift */; };
		29AF405521A2AFE10054360B /* FormRequiredValidator.swift in Sources */ = {isa = PBXBuildFile; fileRef = 29AF405421A2AFE10054360B /* FormRequiredValidator.swift */; };
		29AF405721A2B0330054360B /* FormEmailValidator.swift in Sources */ = {isa = PBXBuildFile; fileRef = 29AF405621A2B0330054360B /* FormEmailValidator.swift */; };
		29AF40BA21A2E2160054360B /* Form.swift in Sources */ = {isa = PBXBuildFile; fileRef = 29AF40B821A2E2160054360B /* Form.swift */; };
		29AF40BB21A2E2160054360B /* FormField.swift in Sources */ = {isa = PBXBuildFile; fileRef = 29AF40B921A2E2160054360B /* FormField.swift */; };
/* End PBXBuildFile section */

/* Begin PBXFileReference section */
		291E3CF0217A3942006C3D4D /* Form.app */ = {isa = PBXFileReference; explicitFileType = wrapper.application; includeInIndex = 0; path = Form.app; sourceTree = BUILT_PRODUCTS_DIR; };
		291E3CF3217A3942006C3D4D /* AppDelegate.swift */ = {isa = PBXFileReference; lastKnownFileType = sourcecode.swift; path = AppDelegate.swift; sourceTree = "<group>"; };
		291E3CF5217A3942006C3D4D /* ViewController.swift */ = {isa = PBXFileReference; lastKnownFileType = sourcecode.swift; path = ViewController.swift; sourceTree = "<group>"; };
		291E3CF8217A3942006C3D4D /* Base */ = {isa = PBXFileReference; lastKnownFileType = file.storyboard; name = Base; path = Base.lproj/Main.storyboard; sourceTree = "<group>"; };
		291E3CFA217A3943006C3D4D /* Assets.xcassets */ = {isa = PBXFileReference; lastKnownFileType = folder.assetcatalog; path = Assets.xcassets; sourceTree = "<group>"; };
		291E3CFD217A3943006C3D4D /* Base */ = {isa = PBXFileReference; lastKnownFileType = file.storyboard; name = Base; path = Base.lproj/LaunchScreen.storyboard; sourceTree = "<group>"; };
		291E3CFF217A3943006C3D4D /* Info.plist */ = {isa = PBXFileReference; lastKnownFileType = text.plist.xml; path = Info.plist; sourceTree = "<group>"; };
		291E3D0C217A39BD006C3D4D /* ExtendedButton.swift */ = {isa = PBXFileReference; fileEncoding = 4; lastKnownFileType = sourcecode.swift; path = ExtendedButton.swift; sourceTree = "<group>"; };
		291E3D0D217A39BD006C3D4D /* ExtendedTextView.swift */ = {isa = PBXFileReference; fileEncoding = 4; lastKnownFileType = sourcecode.swift; path = ExtendedTextView.swift; sourceTree = "<group>"; };
		291E3D0E217A39BD006C3D4D /* ExtendedLabel.swift */ = {isa = PBXFileReference; fileEncoding = 4; lastKnownFileType = sourcecode.swift; path = ExtendedLabel.swift; sourceTree = "<group>"; };
		291E3D13217A3A7B006C3D4D /* FormView.swift */ = {isa = PBXFileReference; fileEncoding = 4; lastKnownFileType = sourcecode.swift; path = FormView.swift; sourceTree = "<group>"; };
		291E3D15217A3B13006C3D4D /* FormGroup.swift */ = {isa = PBXFileReference; fileEncoding = 4; lastKnownFileType = sourcecode.swift; path = FormGroup.swift; sourceTree = "<group>"; };
		299040FD219E525D007DF31F /* FormHeaderFooterView.swift */ = {isa = PBXFileReference; lastKnownFileType = sourcecode.swift; path = FormHeaderFooterView.swift; sourceTree = "<group>"; };
		29904101219E5283007DF31F /* FormHeaderFooter.swift */ = {isa = PBXFileReference; lastKnownFileType = sourcecode.swift; path = FormHeaderFooter.swift; sourceTree = "<group>"; };
		29904104219E56DC007DF31F /* FormHeaderFooterContainer.swift */ = {isa = PBXFileReference; lastKnownFileType = sourcecode.swift; path = FormHeaderFooterContainer.swift; sourceTree = "<group>"; };
		29904106219E56EF007DF31F /* FormHeaderFooterContainerView.swift */ = {isa = PBXFileReference; lastKnownFileType = sourcecode.swift; path = FormHeaderFooterContainerView.swift; sourceTree = "<group>"; };
		29904108219E6A24007DF31F /* TestHeaderFooterView.xib */ = {isa = PBXFileReference; lastKnownFileType = file.xib; path = TestHeaderFooterView.xib; sourceTree = "<group>"; };
		2990410E219E75AB007DF31F /* FormCell.swift */ = {isa = PBXFileReference; lastKnownFileType = sourcecode.swift; path = FormCell.swift; sourceTree = "<group>"; };
		29904110219E75B4007DF31F /* FormCellView.swift */ = {isa = PBXFileReference; lastKnownFileType = sourcecode.swift; path = FormCellView.swift; sourceTree = "<group>"; };
		29904112219E771F007DF31F /* Former.swift */ = {isa = PBXFileReference; lastKnownFileType = sourcecode.swift; path = Former.swift; sourceTree = "<group>"; };
		29904114219E7B3A007DF31F /* FormCellContainer.swift */ = {isa = PBXFileReference; lastKnownFileType = sourcecode.swift; path = FormCellContainer.swift; sourceTree = "<group>"; };
		29904116219E7B9B007DF31F /* FormCellContainerView.swift */ = {isa = PBXFileReference; lastKnownFileType = sourcecode.swift; path = FormCellContainerView.swift; sourceTree = "<group>"; };
		299FD8CB219D076400A1CE48 /* TestViewController.swift */ = {isa = PBXFileReference; lastKnownFileType = sourcecode.swift; path = TestViewController.swift; sourceTree = "<group>"; };
		299FD94D219D5A5F00A1CE48 /* FormControllable.swift */ = {isa = PBXFileReference; lastKnownFileType = sourcecode.swift; path = FormControllable.swift; sourceTree = "<group>"; };
		299FD94F219D5AA900A1CE48 /* FormLabelControl.swift */ = {isa = PBXFileReference; lastKnownFileType = sourcecode.swift; path = FormLabelControl.swift; sourceTree = "<group>"; };
		299FD951219D5ACC00A1CE48 /* FormBadgeControl.swift */ = {isa = PBXFileReference; lastKnownFileType = sourcecode.swift; path = FormBadgeControl.swift; sourceTree = "<group>"; };
		299FD953219D5AE400A1CE48 /* FormTextFieldControl.swift */ = {isa = PBXFileReference; lastKnownFileType = sourcecode.swift; path = FormTextFieldControl.swift; sourceTree = "<group>"; };
		299FD955219D5AFC00A1CE48 /* FormTextViewControl.swift */ = {isa = PBXFileReference; lastKnownFileType = sourcecode.swift; path = FormTextViewControl.swift; sourceTree = "<group>"; };
		299FD959219D611000A1CE48 /* FormSwitcherControl.swift */ = {isa = PBXFileReference; lastKnownFileType = sourcecode.swift; path = FormSwitcherControl.swift; sourceTree = "<group>"; };
		299FD95D219DAAE600A1CE48 /* FormImageControl.swift */ = {isa = PBXFileReference; lastKnownFileType = sourcecode.swift; path = FormImageControl.swift; sourceTree = "<group>"; };
		29AF404921A279730054360B /* FormVerticalContainerControl.swift */ = {isa = PBXFileReference; lastKnownFileType = sourcecode.swift; path = FormVerticalContainerControl.swift; sourceTree = "<group>"; };
		29AF404B21A27D950054360B /* FormHorizontalContainerControl.swift */ = {isa = PBXFileReference; lastKnownFileType = sourcecode.swift; path = FormHorizontalContainerControl.swift; sourceTree = "<group>"; };
		29AF404D21A283E70054360B /* FormButtonControl.swift */ = {isa = PBXFileReference; lastKnownFileType = sourcecode.swift; path = FormButtonControl.swift; sourceTree = "<group>"; };
		29AF405021A297E20054360B /* FormValidator.swift */ = {isa = PBXFileReference; lastKnownFileType = sourcecode.swift; path = FormValidator.swift; sourceTree = "<group>"; };
		29AF405221A298B90054360B /* FormLengthValidator.swift */ = {isa = PBXFileReference; lastKnownFileType = sourcecode.swift; path = FormLengthValidator.swift; sourceTree = "<group>"; };
		29AF405421A2AFE10054360B /* FormRequiredValidator.swift */ = {isa = PBXFileReference; lastKnownFileType = sourcecode.swift; path = FormRequiredValidator.swift; sourceTree = "<group>"; };
		29AF405621A2B0330054360B /* FormEmailValidator.swift */ = {isa = PBXFileReference; lastKnownFileType = sourcecode.swift; path = FormEmailValidator.swift; sourceTree = "<group>"; };
		29AF40B821A2E2160054360B /* Form.swift */ = {isa = PBXFileReference; fileEncoding = 4; lastKnownFileType = sourcecode.swift; path = Form.swift; sourceTree = "<group>"; };
		29AF40B921A2E2160054360B /* FormField.swift */ = {isa = PBXFileReference; fileEncoding = 4; lastKnownFileType = sourcecode.swift; path = FormField.swift; sourceTree = "<group>"; };
/* End PBXFileReference section */

/* Begin PBXFrameworksBuildPhase section */
		291E3CED217A3942006C3D4D /* Frameworks */ = {
			isa = PBXFrameworksBuildPhase;
			buildActionMask = 2147483647;
			files = (
			);
			runOnlyForDeploymentPostprocessing = 0;
		};
/* End PBXFrameworksBuildPhase section */

/* Begin PBXGroup section */
		291E3CE7217A3942006C3D4D = {
			isa = PBXGroup;
			children = (
				291E3CF2217A3942006C3D4D /* Form */,
				291E3CF1217A3942006C3D4D /* Products */,
			);
			sourceTree = "<group>";
		};
		291E3CF1217A3942006C3D4D /* Products */ = {
			isa = PBXGroup;
			children = (
				291E3CF0217A3942006C3D4D /* Form.app */,
			);
			name = Products;
			sourceTree = "<group>";
		};
		291E3CF2217A3942006C3D4D /* Form */ = {
			isa = PBXGroup;
			children = (
				29A650FC21A80CFE00F038D1 /* Classes */,
				291E3CF3217A3942006C3D4D /* AppDelegate.swift */,
				291E3CF5217A3942006C3D4D /* ViewController.swift */,
				299FD8CB219D076400A1CE48 /* TestViewController.swift */,
				29904108219E6A24007DF31F /* TestHeaderFooterView.xib */,
				291E3CF7217A3942006C3D4D /* Main.storyboard */,
				291E3CFA217A3943006C3D4D /* Assets.xcassets */,
				291E3CFC217A3943006C3D4D /* LaunchScreen.storyboard */,
				291E3CFF217A3943006C3D4D /* Info.plist */,
			);
			path = Form;
			sourceTree = "<group>";
		};
		29A650FC21A80CFE00F038D1 /* Classes */ = {
			isa = PBXGroup;
			children = (
				29A6510421A80F5200F038D1 /* Libraries */,
				29A6510521A80F6500F038D1 /* Cells */,
				29A6510021A80EFF00F038D1 /* HeaderFooters */,
				29A650FE21A80EDB00F038D1 /* Controls */,
				29A650FD21A80EBD00F038D1 /* Validators */,
				29AF40B821A2E2160054360B /* Form.swift */,
				29AF40B921A2E2160054360B /* FormField.swift */,
				29904112219E771F007DF31F /* Former.swift */,
				291E3D13217A3A7B006C3D4D /* FormView.swift */,
				291E3D15217A3B13006C3D4D /* FormGroup.swift */,
			);
			path = Classes;
			sourceTree = "<group>";
		};
		29A650FD21A80EBD00F038D1 /* Validators */ = {
			isa = PBXGroup;
			children = (
				29AF405021A297E20054360B /* FormValidator.swift */,
				29AF405221A298B90054360B /* FormLengthValidator.swift */,
				29AF405421A2AFE10054360B /* FormRequiredValidator.swift */,
				29AF405621A2B0330054360B /* FormEmailValidator.swift */,
			);
			name = Validators;
			sourceTree = "<group>";
		};
		29A650FE21A80EDB00F038D1 /* Controls */ = {
			isa = PBXGroup;
			children = (
				299FD94F219D5AA900A1CE48 /* FormLabelControl.swift */,
				299FD951219D5ACC00A1CE48 /* FormBadgeControl.swift */,
				299FD953219D5AE400A1CE48 /* FormTextFieldControl.swift */,
				299FD955219D5AFC00A1CE48 /* FormTextViewControl.swift */,
				299FD959219D611000A1CE48 /* FormSwitcherControl.swift */,
				299FD95D219DAAE600A1CE48 /* FormImageControl.swift */,
				29AF404921A279730054360B /* FormVerticalContainerControl.swift */,
				29AF404B21A27D950054360B /* FormHorizontalContainerControl.swift */,
				29AF404D21A283E70054360B /* FormButtonControl.swift */,
				299FD94D219D5A5F00A1CE48 /* FormControllable.swift */,
			);
			name = Controls;
			sourceTree = "<group>";
		};
		29A6510021A80EFF00F038D1 /* HeaderFooters */ = {
			isa = PBXGroup;
			children = (
				29904104219E56DC007DF31F /* FormHeaderFooterContainer.swift */,
				29904106219E56EF007DF31F /* FormHeaderFooterContainerView.swift */,
				299040FD219E525D007DF31F /* FormHeaderFooterView.swift */,
				29904101219E5283007DF31F /* FormHeaderFooter.swift */,
			);
			name = HeaderFooters;
			sourceTree = "<group>";
		};
		29A6510421A80F5200F038D1 /* Libraries */ = {
			isa = PBXGroup;
			children = (
				291E3D0C217A39BD006C3D4D /* ExtendedButton.swift */,
				291E3D0E217A39BD006C3D4D /* ExtendedLabel.swift */,
				291E3D0D217A39BD006C3D4D /* ExtendedTextView.swift */,
			);
			name = Libraries;
			sourceTree = "<group>";
		};
		29A6510521A80F6500F038D1 /* Cells */ = {
			isa = PBXGroup;
			children = (
				29904114219E7B3A007DF31F /* FormCellContainer.swift */,
				29904116219E7B9B007DF31F /* FormCellContainerView.swift */,
				2990410E219E75AB007DF31F /* FormCell.swift */,
				29904110219E75B4007DF31F /* FormCellView.swift */,
			);
			name = Cells;
			sourceTree = "<group>";
		};
/* End PBXGroup section */

/* Begin PBXNativeTarget section */
		291E3CEF217A3942006C3D4D /* Form */ = {
			isa = PBXNativeTarget;
			buildConfigurationList = 291E3D02217A3943006C3D4D /* Build configuration list for PBXNativeTarget "Form" */;
			buildPhases = (
				291E3CEC217A3942006C3D4D /* Sources */,
				291E3CED217A3942006C3D4D /* Frameworks */,
				291E3CEE217A3942006C3D4D /* Resources */,
			);
			buildRules = (
			);
			dependencies = (
			);
			name = Form;
			productName = Form;
			productReference = 291E3CF0217A3942006C3D4D /* Form.app */;
			productType = "com.apple.product-type.application";
		};
/* End PBXNativeTarget section */

/* Begin PBXProject section */
		291E3CE8217A3942006C3D4D /* Project object */ = {
			isa = PBXProject;
			attributes = {
				LastSwiftUpdateCheck = 1000;
				LastUpgradeCheck = 1000;
				ORGANIZATIONNAME = "Alexey Politov";
				TargetAttributes = {
					291E3CEF217A3942006C3D4D = {
						CreatedOnToolsVersion = 10.0;
					};
				};
			};
			buildConfigurationList = 291E3CEB217A3942006C3D4D /* Build configuration list for PBXProject "Form" */;
			compatibilityVersion = "Xcode 9.3";
			developmentRegion = en;
			hasScannedForEncodings = 0;
			knownRegions = (
				en,
				Base,
			);
			mainGroup = 291E3CE7217A3942006C3D4D;
			productRefGroup = 291E3CF1217A3942006C3D4D /* Products */;
			projectDirPath = "";
			projectRoot = "";
			targets = (
				291E3CEF217A3942006C3D4D /* Form */,
			);
		};
/* End PBXProject section */

/* Begin PBXResourcesBuildPhase section */
		291E3CEE217A3942006C3D4D /* Resources */ = {
			isa = PBXResourcesBuildPhase;
			buildActionMask = 2147483647;
			files = (
				29904109219E6A24007DF31F /* TestHeaderFooterView.xib in Resources */,
				291E3CFE217A3943006C3D4D /* LaunchScreen.storyboard in Resources */,
				291E3CFB217A3943006C3D4D /* Assets.xcassets in Resources */,
				291E3CF9217A3942006C3D4D /* Main.storyboard in Resources */,
			);
			runOnlyForDeploymentPostprocessing = 0;
		};
/* End PBXResourcesBuildPhase section */

/* Begin PBXSourcesBuildPhase section */
		291E3CEC217A3942006C3D4D /* Sources */ = {
			isa = PBXSourcesBuildPhase;
			buildActionMask = 2147483647;
			files = (
				29AF405121A297E20054360B /* FormValidator.swift in Sources */,
				29AF404A21A279730054360B /* FormVerticalContainerControl.swift in Sources */,
				291E3D14217A3A7B006C3D4D /* FormView.swift in Sources */,
				299FD94E219D5A5F00A1CE48 /* FormControllable.swift in Sources */,
				29904107219E56EF007DF31F /* FormHeaderFooterContainerView.swift in Sources */,
				29904105219E56DC007DF31F /* FormHeaderFooterContainer.swift in Sources */,
				299FD952219D5ACC00A1CE48 /* FormBadgeControl.swift in Sources */,
				299FD95E219DAAE600A1CE48 /* FormImageControl.swift in Sources */,
				29AF405321A298B90054360B /* FormLengthValidator.swift in Sources */,
				29AF405721A2B0330054360B /* FormEmailValidator.swift in Sources */,
				29AF405521A2AFE10054360B /* FormRequiredValidator.swift in Sources */,
				299FD956219D5AFC00A1CE48 /* FormTextViewControl.swift in Sources */,
				291E3CF6217A3942006C3D4D /* ViewController.swift in Sources */,
				29904115219E7B3A007DF31F /* FormCellContainer.swift in Sources */,
				299FD8CC219D076400A1CE48 /* TestViewController.swift in Sources */,
				29AF404C21A27D950054360B /* FormHorizontalContainerControl.swift in Sources */,
				2990410F219E75AB007DF31F /* FormCell.swift in Sources */,
				299FD95A219D611000A1CE48 /* FormSwitcherControl.swift in Sources */,
				29904117219E7B9B007DF31F /* FormCellContainerView.swift in Sources */,
				291E3D0F217A39BD006C3D4D /* ExtendedButton.swift in Sources */,
				29904102219E5283007DF31F /* FormHeaderFooter.swift in Sources */,
				29904111219E75B4007DF31F /* FormCellView.swift in Sources */,
				29904113219E771F007DF31F /* Former.swift in Sources */,
				29AF404E21A283E70054360B /* FormButtonControl.swift in Sources */,
				29AF40BB21A2E2160054360B /* FormField.swift in Sources */,
				299FD950219D5AA900A1CE48 /* FormLabelControl.swift in Sources */,
				29AF40BA21A2E2160054360B /* Form.swift in Sources */,
				291E3D10217A39BD006C3D4D /* ExtendedTextView.swift in Sources */,
				291E3D11217A39BD006C3D4D /* ExtendedLabel.swift in Sources */,
				291E3D16217A3B13006C3D4D /* FormGroup.swift in Sources */,
				291E3CF4217A3942006C3D4D /* AppDelegate.swift in Sources */,
				299040FE219E525D007DF31F /* FormHeaderFooterView.swift in Sources */,
				299FD954219D5AE400A1CE48 /* FormTextFieldControl.swift in Sources */,
			);
			runOnlyForDeploymentPostprocessing = 0;
		};
/* End PBXSourcesBuildPhase section */

/* Begin PBXVariantGroup section */
		291E3CF7217A3942006C3D4D /* Main.storyboard */ = {
			isa = PBXVariantGroup;
			children = (
				291E3CF8217A3942006C3D4D /* Base */,
			);
			name = Main.storyboard;
			sourceTree = "<group>";
		};
		291E3CFC217A3943006C3D4D /* LaunchScreen.storyboard */ = {
			isa = PBXVariantGroup;
			children = (
				291E3CFD217A3943006C3D4D /* Base */,
			);
			name = LaunchScreen.storyboard;
			sourceTree = "<group>";
		};
/* End PBXVariantGroup section */

/* Begin XCBuildConfiguration section */
		291E3D00217A3943006C3D4D /* Debug */ = {
			isa = XCBuildConfiguration;
			buildSettings = {
				ALWAYS_SEARCH_USER_PATHS = NO;
				CLANG_ANALYZER_NONNULL = YES;
				CLANG_ANALYZER_NUMBER_OBJECT_CONVERSION = YES_AGGRESSIVE;
				CLANG_CXX_LANGUAGE_STANDARD = "gnu++14";
				CLANG_CXX_LIBRARY = "libc++";
				CLANG_ENABLE_MODULES = YES;
				CLANG_ENABLE_OBJC_ARC = YES;
				CLANG_ENABLE_OBJC_WEAK = YES;
				CLANG_WARN_BLOCK_CAPTURE_AUTORELEASING = YES;
				CLANG_WARN_BOOL_CONVERSION = YES;
				CLANG_WARN_COMMA = YES;
				CLANG_WARN_CONSTANT_CONVERSION = YES;
				CLANG_WARN_DEPRECATED_OBJC_IMPLEMENTATIONS = YES;
				CLANG_WARN_DIRECT_OBJC_ISA_USAGE = YES_ERROR;
				CLANG_WARN_DOCUMENTATION_COMMENTS = YES;
				CLANG_WARN_EMPTY_BODY = YES;
				CLANG_WARN_ENUM_CONVERSION = YES;
				CLANG_WARN_INFINITE_RECURSION = YES;
				CLANG_WARN_INT_CONVERSION = YES;
				CLANG_WARN_NON_LITERAL_NULL_CONVERSION = YES;
				CLANG_WARN_OBJC_IMPLICIT_RETAIN_SELF = YES;
				CLANG_WARN_OBJC_LITERAL_CONVERSION = YES;
				CLANG_WARN_OBJC_ROOT_CLASS = YES_ERROR;
				CLANG_WARN_RANGE_LOOP_ANALYSIS = YES;
				CLANG_WARN_STRICT_PROTOTYPES = YES;
				CLANG_WARN_SUSPICIOUS_MOVE = YES;
				CLANG_WARN_UNGUARDED_AVAILABILITY = YES_AGGRESSIVE;
				CLANG_WARN_UNREACHABLE_CODE = YES;
				CLANG_WARN__DUPLICATE_METHOD_MATCH = YES;
				CODE_SIGN_IDENTITY = "iPhone Developer";
				COPY_PHASE_STRIP = NO;
				DEBUG_INFORMATION_FORMAT = dwarf;
				ENABLE_STRICT_OBJC_MSGSEND = YES;
				ENABLE_TESTABILITY = YES;
				GCC_C_LANGUAGE_STANDARD = gnu11;
				GCC_DYNAMIC_NO_PIC = NO;
				GCC_NO_COMMON_BLOCKS = YES;
				GCC_OPTIMIZATION_LEVEL = 0;
				GCC_PREPROCESSOR_DEFINITIONS = (
					"DEBUG=1",
					"$(inherited)",
				);
				GCC_WARN_64_TO_32_BIT_CONVERSION = YES;
				GCC_WARN_ABOUT_RETURN_TYPE = YES_ERROR;
				GCC_WARN_UNDECLARED_SELECTOR = YES;
				GCC_WARN_UNINITIALIZED_AUTOS = YES_AGGRESSIVE;
				GCC_WARN_UNUSED_FUNCTION = YES;
				GCC_WARN_UNUSED_VARIABLE = YES;
				IPHONEOS_DEPLOYMENT_TARGET = 12.0;
				MTL_ENABLE_DEBUG_INFO = INCLUDE_SOURCE;
				MTL_FAST_MATH = YES;
				ONLY_ACTIVE_ARCH = YES;
				SDKROOT = iphoneos;
				SWIFT_ACTIVE_COMPILATION_CONDITIONS = DEBUG;
				SWIFT_OPTIMIZATION_LEVEL = "-Onone";
			};
			name = Debug;
		};
		291E3D01217A3943006C3D4D /* Release */ = {
			isa = XCBuildConfiguration;
			buildSettings = {
				ALWAYS_SEARCH_USER_PATHS = NO;
				CLANG_ANALYZER_NONNULL = YES;
				CLANG_ANALYZER_NUMBER_OBJECT_CONVERSION = YES_AGGRESSIVE;
				CLANG_CXX_LANGUAGE_STANDARD = "gnu++14";
				CLANG_CXX_LIBRARY = "libc++";
				CLANG_ENABLE_MODULES = YES;
				CLANG_ENABLE_OBJC_ARC = YES;
				CLANG_ENABLE_OBJC_WEAK = YES;
				CLANG_WARN_BLOCK_CAPTURE_AUTORELEASING = YES;
				CLANG_WARN_BOOL_CONVERSION = YES;
				CLANG_WARN_COMMA = YES;
				CLANG_WARN_CONSTANT_CONVERSION = YES;
				CLANG_WARN_DEPRECATED_OBJC_IMPLEMENTATIONS = YES;
				CLANG_WARN_DIRECT_OBJC_ISA_USAGE = YES_ERROR;
				CLANG_WARN_DOCUMENTATION_COMMENTS = YES;
				CLANG_WARN_EMPTY_BODY = YES;
				CLANG_WARN_ENUM_CONVERSION = YES;
				CLANG_WARN_INFINITE_RECURSION = YES;
				CLANG_WARN_INT_CONVERSION = YES;
				CLANG_WARN_NON_LITERAL_NULL_CONVERSION = YES;
				CLANG_WARN_OBJC_IMPLICIT_RETAIN_SELF = YES;
				CLANG_WARN_OBJC_LITERAL_CONVERSION = YES;
				CLANG_WARN_OBJC_ROOT_CLASS = YES_ERROR;
				CLANG_WARN_RANGE_LOOP_ANALYSIS = YES;
				CLANG_WARN_STRICT_PROTOTYPES = YES;
				CLANG_WARN_SUSPICIOUS_MOVE = YES;
				CLANG_WARN_UNGUARDED_AVAILABILITY = YES_AGGRESSIVE;
				CLANG_WARN_UNREACHABLE_CODE = YES;
				CLANG_WARN__DUPLICATE_METHOD_MATCH = YES;
				CODE_SIGN_IDENTITY = "iPhone Developer";
				COPY_PHASE_STRIP = NO;
				DEBUG_INFORMATION_FORMAT = "dwarf-with-dsym";
				ENABLE_NS_ASSERTIONS = NO;
				ENABLE_STRICT_OBJC_MSGSEND = YES;
				GCC_C_LANGUAGE_STANDARD = gnu11;
				GCC_NO_COMMON_BLOCKS = YES;
				GCC_WARN_64_TO_32_BIT_CONVERSION = YES;
				GCC_WARN_ABOUT_RETURN_TYPE = YES_ERROR;
				GCC_WARN_UNDECLARED_SELECTOR = YES;
				GCC_WARN_UNINITIALIZED_AUTOS = YES_AGGRESSIVE;
				GCC_WARN_UNUSED_FUNCTION = YES;
				GCC_WARN_UNUSED_VARIABLE = YES;
				IPHONEOS_DEPLOYMENT_TARGET = 12.0;
				MTL_ENABLE_DEBUG_INFO = NO;
				MTL_FAST_MATH = YES;
				SDKROOT = iphoneos;
				SWIFT_COMPILATION_MODE = wholemodule;
				SWIFT_OPTIMIZATION_LEVEL = "-O";
				VALIDATE_PRODUCT = YES;
			};
			name = Release;
		};
		291E3D03217A3943006C3D4D /* Debug */ = {
			isa = XCBuildConfiguration;
			buildSettings = {
				ASSETCATALOG_COMPILER_APPICON_NAME = AppIcon;
				CODE_SIGN_STYLE = Automatic;
				DEVELOPMENT_TEAM = QQ984275NN;
				INFOPLIST_FILE = Form/Info.plist;
				LD_RUNPATH_SEARCH_PATHS = (
					"$(inherited)",
					"@executable_path/Frameworks",
				);
				PRODUCT_BUNDLE_IDENTIFIER = com.AlexeyPolitov.Form;
				PRODUCT_NAME = "$(TARGET_NAME)";
				SWIFT_VERSION = 4.2;
				TARGETED_DEVICE_FAMILY = "1,2";
			};
			name = Debug;
		};
		291E3D04217A3943006C3D4D /* Release */ = {
			isa = XCBuildConfiguration;
			buildSettings = {
				ASSETCATALOG_COMPILER_APPICON_NAME = AppIcon;
				CODE_SIGN_STYLE = Automatic;
				DEVELOPMENT_TEAM = QQ984275NN;
				INFOPLIST_FILE = Form/Info.plist;
				LD_RUNPATH_SEARCH_PATHS = (
					"$(inherited)",
					"@executable_path/Frameworks",
				);
				PRODUCT_BUNDLE_IDENTIFIER = com.AlexeyPolitov.Form;
				PRODUCT_NAME = "$(TARGET_NAME)";
				SWIFT_VERSION = 4.2;
				TARGETED_DEVICE_FAMILY = "1,2";
			};
			name = Release;
		};
/* End XCBuildConfiguration section */

/* Begin XCConfigurationList section */
		291E3CEB217A3942006C3D4D /* Build configuration list for PBXProject "Form" */ = {
			isa = XCConfigurationList;
			buildConfigurations = (
				291E3D00217A3943006C3D4D /* Debug */,
				291E3D01217A3943006C3D4D /* Release */,
			);
			defaultConfigurationIsVisible = 0;
			defaultConfigurationName = Release;
		};
		291E3D02217A3943006C3D4D /* Build configuration list for PBXNativeTarget "Form" */ = {
			isa = XCConfigurationList;
			buildConfigurations = (
				291E3D03217A3943006C3D4D /* Debug */,
				291E3D04217A3943006C3D4D /* Release */,
			);
			defaultConfigurationIsVisible = 0;
			defaultConfigurationName = Release;
		};
/* End XCConfigurationList section */
	};
	rootObject = 291E3CE8217A3942006C3D4D /* Project object */;
}
