// !$*UTF8*$!
{
	archiveVersion = 1;
	classes = {
	};
	objectVersion = 50;
	objects = {

/* Begin PBXBuildFile section */
		06A72752DF124D6DF1205BD9 /* Pods_Form.framework in Frameworks */ = {isa = PBXBuildFile; fileRef = 12814EDBD878061B262834D9 /* Pods_Form.framework */; };
		2917A2DD21ABEE0200FDD967 /* Operators.swift in Sources */ = {isa = PBXBuildFile; fileRef = 2917A2DC21ABEE0200FDD967 /* Operators.swift */; };
		291A5C3A2265A34A00AB209E /* ProductSpecCollectionViewItemCell.swift in Sources */ = {isa = PBXBuildFile; fileRef = 291A5C392265A34A00AB209E /* ProductSpecCollectionViewItemCell.swift */; };
		291A5C3C2265A7EE00AB209E /* String+Extension.swift in Sources */ = {isa = PBXBuildFile; fileRef = 291A5C3B2265A7EE00AB209E /* String+Extension.swift */; };
		291A5C4622670AAB00AB209E /* FormViewHeaderFooterEmpty.swift in Sources */ = {isa = PBXBuildFile; fileRef = 291A5C4522670AAB00AB209E /* FormViewHeaderFooterEmpty.swift */; };
		291A5C4822670B2F00AB209E /* FormViewHeaderFooterEmptyView.swift in Sources */ = {isa = PBXBuildFile; fileRef = 291A5C4722670B2F00AB209E /* FormViewHeaderFooterEmptyView.swift */; };
		291E3CF4217A3942006C3D4D /* AppDelegate.swift in Sources */ = {isa = PBXBuildFile; fileRef = 291E3CF3217A3942006C3D4D /* AppDelegate.swift */; };
		291E3CF6217A3942006C3D4D /* ViewController.swift in Sources */ = {isa = PBXBuildFile; fileRef = 291E3CF5217A3942006C3D4D /* ViewController.swift */; };
		291E3CF9217A3942006C3D4D /* Main.storyboard in Resources */ = {isa = PBXBuildFile; fileRef = 291E3CF7217A3942006C3D4D /* Main.storyboard */; };
		291E3CFB217A3943006C3D4D /* Assets.xcassets in Resources */ = {isa = PBXBuildFile; fileRef = 291E3CFA217A3943006C3D4D /* Assets.xcassets */; };
		291E3CFE217A3943006C3D4D /* LaunchScreen.storyboard in Resources */ = {isa = PBXBuildFile; fileRef = 291E3CFC217A3943006C3D4D /* LaunchScreen.storyboard */; };
		291E3D0F217A39BD006C3D4D /* ExtendedButton.swift in Sources */ = {isa = PBXBuildFile; fileRef = 291E3D0C217A39BD006C3D4D /* ExtendedButton.swift */; };
		291E3D10217A39BD006C3D4D /* ExtendedTextView.swift in Sources */ = {isa = PBXBuildFile; fileRef = 291E3D0D217A39BD006C3D4D /* ExtendedTextView.swift */; };
		291E3D11217A39BD006C3D4D /* ExtendedLabel.swift in Sources */ = {isa = PBXBuildFile; fileRef = 291E3D0E217A39BD006C3D4D /* ExtendedLabel.swift */; };
		291E3D14217A3A7B006C3D4D /* FormView.swift in Sources */ = {isa = PBXBuildFile; fileRef = 291E3D13217A3A7B006C3D4D /* FormView.swift */; };
		291E3D16217A3B13006C3D4D /* FormViewGroup.swift in Sources */ = {isa = PBXBuildFile; fileRef = 291E3D15217A3B13006C3D4D /* FormViewGroup.swift */; };
		293DB6B62251D32E002CF0D0 /* FormCustomValidator.swift in Sources */ = {isa = PBXBuildFile; fileRef = 293DB6B52251D32E002CF0D0 /* FormCustomValidator.swift */; };
		293F89672227ACF3007CEE92 /* FormViewSegmented.swift in Sources */ = {isa = PBXBuildFile; fileRef = 293F89662227ACF3007CEE92 /* FormViewSegmented.swift */; };
		293F89692227B002007CEE92 /* ExtendedSegmentedControl.swift in Sources */ = {isa = PBXBuildFile; fileRef = 293F89682227B002007CEE92 /* ExtendedSegmentedControl.swift */; };
		293F896E2227C684007CEE92 /* FormViewStack.swift in Sources */ = {isa = PBXBuildFile; fileRef = 293F896D2227C684007CEE92 /* FormViewStack.swift */; };
		2947221E2237820D0045B5F4 /* FormRegExValidator.swift in Sources */ = {isa = PBXBuildFile; fileRef = 2947221D2237820D0045B5F4 /* FormRegExValidator.swift */; };
		299040FE219E525D007DF31F /* FormViewHeaderFooterView.swift in Sources */ = {isa = PBXBuildFile; fileRef = 299040FD219E525D007DF31F /* FormViewHeaderFooterView.swift */; };
		29904102219E5283007DF31F /* FormViewHeaderFooter.swift in Sources */ = {isa = PBXBuildFile; fileRef = 29904101219E5283007DF31F /* FormViewHeaderFooter.swift */; };
		29904105219E56DC007DF31F /* FormViewHeaderFooterContainer.swift in Sources */ = {isa = PBXBuildFile; fileRef = 29904104219E56DC007DF31F /* FormViewHeaderFooterContainer.swift */; };
		29904107219E56EF007DF31F /* FormViewHeaderFooterContainerView.swift in Sources */ = {isa = PBXBuildFile; fileRef = 29904106219E56EF007DF31F /* FormViewHeaderFooterContainerView.swift */; };
		29904109219E6A24007DF31F /* TestHeaderFooterView.xib in Resources */ = {isa = PBXBuildFile; fileRef = 29904108219E6A24007DF31F /* TestHeaderFooterView.xib */; };
		2990410F219E75AB007DF31F /* FormViewCell.swift in Sources */ = {isa = PBXBuildFile; fileRef = 2990410E219E75AB007DF31F /* FormViewCell.swift */; };
		29904111219E75B4007DF31F /* FormViewCellView.swift in Sources */ = {isa = PBXBuildFile; fileRef = 29904110219E75B4007DF31F /* FormViewCellView.swift */; };
		29904113219E771F007DF31F /* Former.swift in Sources */ = {isa = PBXBuildFile; fileRef = 29904112219E771F007DF31F /* Former.swift */; };
		29904115219E7B3A007DF31F /* FormViewCellContainer.swift in Sources */ = {isa = PBXBuildFile; fileRef = 29904114219E7B3A007DF31F /* FormViewCellContainer.swift */; };
		29904117219E7B9B007DF31F /* FormViewCellContainerView.swift in Sources */ = {isa = PBXBuildFile; fileRef = 29904116219E7B9B007DF31F /* FormViewCellContainerView.swift */; };
		299227BD21A85547007869E9 /* FromViewConstrainable.swift in Sources */ = {isa = PBXBuildFile; fileRef = 299227BC21A85547007869E9 /* FromViewConstrainable.swift */; };
		299227C121A85FE2007869E9 /* FormViewInput.swift in Sources */ = {isa = PBXBuildFile; fileRef = 299227C021A85FE2007869E9 /* FormViewInput.swift */; };
		299227C321A86089007869E9 /* SampleFormViewInputSource.swift in Sources */ = {isa = PBXBuildFile; fileRef = 299227C221A86089007869E9 /* SampleFormViewInputSource.swift */; };
		299227C721A93512007869E9 /* ExtandedBarButtonItem.swift in Sources */ = {isa = PBXBuildFile; fileRef = 299227C621A93512007869E9 /* ExtandedBarButtonItem.swift */; };
		2999E72422559DD700FDBAC4 /* ProductSpecCollectionView.swift in Sources */ = {isa = PBXBuildFile; fileRef = 2999E72322559DD700FDBAC4 /* ProductSpecCollectionView.swift */; };
		299FD8CC219D076400A1CE48 /* TestViewController.swift in Sources */ = {isa = PBXBuildFile; fileRef = 299FD8CB219D076400A1CE48 /* TestViewController.swift */; };
		299FD94E219D5A5F00A1CE48 /* FormControllable.swift in Sources */ = {isa = PBXBuildFile; fileRef = 299FD94D219D5A5F00A1CE48 /* FormControllable.swift */; };
		299FD950219D5AA900A1CE48 /* FormViewLabel.swift in Sources */ = {isa = PBXBuildFile; fileRef = 299FD94F219D5AA900A1CE48 /* FormViewLabel.swift */; };
		299FD954219D5AE400A1CE48 /* FormViewTextField.swift in Sources */ = {isa = PBXBuildFile; fileRef = 299FD953219D5AE400A1CE48 /* FormViewTextField.swift */; };
		299FD956219D5AFC00A1CE48 /* FormViewTextView.swift in Sources */ = {isa = PBXBuildFile; fileRef = 299FD955219D5AFC00A1CE48 /* FormViewTextView.swift */; };
		299FD95A219D611000A1CE48 /* FormViewSwitcher.swift in Sources */ = {isa = PBXBuildFile; fileRef = 299FD959219D611000A1CE48 /* FormViewSwitcher.swift */; };
		299FD95E219DAAE600A1CE48 /* FormViewImageView.swift in Sources */ = {isa = PBXBuildFile; fileRef = 299FD95D219DAAE600A1CE48 /* FormViewImageView.swift */; };
		29ACE7D6224083EB00996CDD /* ExtendedTextField.swift in Sources */ = {isa = PBXBuildFile; fileRef = 29ACE7D5224083EB00996CDD /* ExtendedTextField.swift */; };
		29AF404A21A279730054360B /* FormViewVerticalContainer.swift in Sources */ = {isa = PBXBuildFile; fileRef = 29AF404921A279730054360B /* FormViewVerticalContainer.swift */; };
		29AF404C21A27D950054360B /* FormViewHorizontalContainer.swift in Sources */ = {isa = PBXBuildFile; fileRef = 29AF404B21A27D950054360B /* FormViewHorizontalContainer.swift */; };
		29AF404E21A283E70054360B /* FormViewButton.swift in Sources */ = {isa = PBXBuildFile; fileRef = 29AF404D21A283E70054360B /* FormViewButton.swift */; };
		29AF405121A297E20054360B /* FormValidator.swift in Sources */ = {isa = PBXBuildFile; fileRef = 29AF405021A297E20054360B /* FormValidator.swift */; };
		29AF405321A298B90054360B /* FormLengthValidator.swift in Sources */ = {isa = PBXBuildFile; fileRef = 29AF405221A298B90054360B /* FormLengthValidator.swift */; };
		29AF405521A2AFE10054360B /* FormRequiredValidator.swift in Sources */ = {isa = PBXBuildFile; fileRef = 29AF405421A2AFE10054360B /* FormRequiredValidator.swift */; };
		29AF405721A2B0330054360B /* FormEmailValidator.swift in Sources */ = {isa = PBXBuildFile; fileRef = 29AF405621A2B0330054360B /* FormEmailValidator.swift */; };
		29AF40BA21A2E2160054360B /* Form.swift in Sources */ = {isa = PBXBuildFile; fileRef = 29AF40B821A2E2160054360B /* Form.swift */; };
		29AF40BB21A2E2160054360B /* FormField.swift in Sources */ = {isa = PBXBuildFile; fileRef = 29AF40B921A2E2160054360B /* FormField.swift */; };
		29E55D69225D82340069E59B /* FormViewBadge.swift in Sources */ = {isa = PBXBuildFile; fileRef = 29E55D68225D82340069E59B /* FormViewBadge.swift */; };
/* End PBXBuildFile section */

/* Begin PBXFileReference section */
		12814EDBD878061B262834D9 /* Pods_Form.framework */ = {isa = PBXFileReference; explicitFileType = wrapper.framework; includeInIndex = 0; path = Pods_Form.framework; sourceTree = BUILT_PRODUCTS_DIR; };
		2917A2DC21ABEE0200FDD967 /* Operators.swift */ = {isa = PBXFileReference; lastKnownFileType = sourcecode.swift; path = Operators.swift; sourceTree = "<group>"; };
		291A5C392265A34A00AB209E /* ProductSpecCollectionViewItemCell.swift */ = {isa = PBXFileReference; lastKnownFileType = sourcecode.swift; path = ProductSpecCollectionViewItemCell.swift; sourceTree = "<group>"; };
		291A5C3B2265A7EE00AB209E /* String+Extension.swift */ = {isa = PBXFileReference; lastKnownFileType = sourcecode.swift; path = "String+Extension.swift"; sourceTree = "<group>"; };
		291A5C4522670AAB00AB209E /* FormViewHeaderFooterEmpty.swift */ = {isa = PBXFileReference; lastKnownFileType = sourcecode.swift; path = FormViewHeaderFooterEmpty.swift; sourceTree = "<group>"; };
		291A5C4722670B2F00AB209E /* FormViewHeaderFooterEmptyView.swift */ = {isa = PBXFileReference; lastKnownFileType = sourcecode.swift; path = FormViewHeaderFooterEmptyView.swift; sourceTree = "<group>"; };
		291E3CF0217A3942006C3D4D /* Form.app */ = {isa = PBXFileReference; explicitFileType = wrapper.application; includeInIndex = 0; path = Form.app; sourceTree = BUILT_PRODUCTS_DIR; };
		291E3CF3217A3942006C3D4D /* AppDelegate.swift */ = {isa = PBXFileReference; lastKnownFileType = sourcecode.swift; path = AppDelegate.swift; sourceTree = "<group>"; };
		291E3CF5217A3942006C3D4D /* ViewController.swift */ = {isa = PBXFileReference; lastKnownFileType = sourcecode.swift; path = ViewController.swift; sourceTree = "<group>"; };
		291E3CF8217A3942006C3D4D /* Base */ = {isa = PBXFileReference; lastKnownFileType = file.storyboard; name = Base; path = Base.lproj/Main.storyboard; sourceTree = "<group>"; };
		291E3CFA217A3943006C3D4D /* Assets.xcassets */ = {isa = PBXFileReference; lastKnownFileType = folder.assetcatalog; path = Assets.xcassets; sourceTree = "<group>"; };
		291E3CFD217A3943006C3D4D /* Base */ = {isa = PBXFileReference; lastKnownFileType = file.storyboard; name = Base; path = Base.lproj/LaunchScreen.storyboard; sourceTree = "<group>"; };
		291E3CFF217A3943006C3D4D /* Info.plist */ = {isa = PBXFileReference; lastKnownFileType = text.plist.xml; path = Info.plist; sourceTree = "<group>"; };
		291E3D0C217A39BD006C3D4D /* ExtendedButton.swift */ = {isa = PBXFileReference; fileEncoding = 4; lastKnownFileType = sourcecode.swift; path = ExtendedButton.swift; sourceTree = "<group>"; };
		291E3D0D217A39BD006C3D4D /* ExtendedTextView.swift */ = {isa = PBXFileReference; fileEncoding = 4; lastKnownFileType = sourcecode.swift; path = ExtendedTextView.swift; sourceTree = "<group>"; };
		291E3D0E217A39BD006C3D4D /* ExtendedLabel.swift */ = {isa = PBXFileReference; fileEncoding = 4; lastKnownFileType = sourcecode.swift; path = ExtendedLabel.swift; sourceTree = "<group>"; };
		291E3D13217A3A7B006C3D4D /* FormView.swift */ = {isa = PBXFileReference; fileEncoding = 4; lastKnownFileType = sourcecode.swift; path = FormView.swift; sourceTree = "<group>"; };
		291E3D15217A3B13006C3D4D /* FormViewGroup.swift */ = {isa = PBXFileReference; fileEncoding = 4; lastKnownFileType = sourcecode.swift; path = FormViewGroup.swift; sourceTree = "<group>"; };
		293DB6B52251D32E002CF0D0 /* FormCustomValidator.swift */ = {isa = PBXFileReference; lastKnownFileType = sourcecode.swift; path = FormCustomValidator.swift; sourceTree = "<group>"; };
		293F89662227ACF3007CEE92 /* FormViewSegmented.swift */ = {isa = PBXFileReference; lastKnownFileType = sourcecode.swift; path = FormViewSegmented.swift; sourceTree = "<group>"; };
		293F89682227B002007CEE92 /* ExtendedSegmentedControl.swift */ = {isa = PBXFileReference; lastKnownFileType = sourcecode.swift; path = ExtendedSegmentedControl.swift; sourceTree = "<group>"; };
		293F896D2227C684007CEE92 /* FormViewStack.swift */ = {isa = PBXFileReference; lastKnownFileType = sourcecode.swift; path = FormViewStack.swift; sourceTree = "<group>"; };
		2947221D2237820D0045B5F4 /* FormRegExValidator.swift */ = {isa = PBXFileReference; lastKnownFileType = sourcecode.swift; path = FormRegExValidator.swift; sourceTree = "<group>"; };
		299040FD219E525D007DF31F /* FormViewHeaderFooterView.swift */ = {isa = PBXFileReference; lastKnownFileType = sourcecode.swift; path = FormViewHeaderFooterView.swift; sourceTree = "<group>"; };
		29904101219E5283007DF31F /* FormViewHeaderFooter.swift */ = {isa = PBXFileReference; lastKnownFileType = sourcecode.swift; path = FormViewHeaderFooter.swift; sourceTree = "<group>"; };
		29904104219E56DC007DF31F /* FormViewHeaderFooterContainer.swift */ = {isa = PBXFileReference; lastKnownFileType = sourcecode.swift; path = FormViewHeaderFooterContainer.swift; sourceTree = "<group>"; };
		29904106219E56EF007DF31F /* FormViewHeaderFooterContainerView.swift */ = {isa = PBXFileReference; lastKnownFileType = sourcecode.swift; path = FormViewHeaderFooterContainerView.swift; sourceTree = "<group>"; };
		29904108219E6A24007DF31F /* TestHeaderFooterView.xib */ = {isa = PBXFileReference; lastKnownFileType = file.xib; path = TestHeaderFooterView.xib; sourceTree = "<group>"; };
		2990410E219E75AB007DF31F /* FormViewCell.swift */ = {isa = PBXFileReference; lastKnownFileType = sourcecode.swift; path = FormViewCell.swift; sourceTree = "<group>"; };
		29904110219E75B4007DF31F /* FormViewCellView.swift */ = {isa = PBXFileReference; lastKnownFileType = sourcecode.swift; path = FormViewCellView.swift; sourceTree = "<group>"; };
		29904112219E771F007DF31F /* Former.swift */ = {isa = PBXFileReference; lastKnownFileType = sourcecode.swift; path = Former.swift; sourceTree = "<group>"; };
		29904114219E7B3A007DF31F /* FormViewCellContainer.swift */ = {isa = PBXFileReference; lastKnownFileType = sourcecode.swift; path = FormViewCellContainer.swift; sourceTree = "<group>"; };
		29904116219E7B9B007DF31F /* FormViewCellContainerView.swift */ = {isa = PBXFileReference; lastKnownFileType = sourcecode.swift; path = FormViewCellContainerView.swift; sourceTree = "<group>"; };
		299227BC21A85547007869E9 /* FromViewConstrainable.swift */ = {isa = PBXFileReference; lastKnownFileType = sourcecode.swift; path = FromViewConstrainable.swift; sourceTree = "<group>"; };
		299227C021A85FE2007869E9 /* FormViewInput.swift */ = {isa = PBXFileReference; lastKnownFileType = sourcecode.swift; path = FormViewInput.swift; sourceTree = "<group>"; };
		299227C221A86089007869E9 /* SampleFormViewInputSource.swift */ = {isa = PBXFileReference; lastKnownFileType = sourcecode.swift; path = SampleFormViewInputSource.swift; sourceTree = "<group>"; };
		299227C621A93512007869E9 /* ExtandedBarButtonItem.swift */ = {isa = PBXFileReference; lastKnownFileType = sourcecode.swift; path = ExtandedBarButtonItem.swift; sourceTree = "<group>"; };
		2999E72322559DD700FDBAC4 /* ProductSpecCollectionView.swift */ = {isa = PBXFileReference; lastKnownFileType = sourcecode.swift; path = ProductSpecCollectionView.swift; sourceTree = "<group>"; };
		299FD8CB219D076400A1CE48 /* TestViewController.swift */ = {isa = PBXFileReference; lastKnownFileType = sourcecode.swift; path = TestViewController.swift; sourceTree = "<group>"; };
		299FD94D219D5A5F00A1CE48 /* FormControllable.swift */ = {isa = PBXFileReference; lastKnownFileType = sourcecode.swift; path = FormControllable.swift; sourceTree = "<group>"; };
		299FD94F219D5AA900A1CE48 /* FormViewLabel.swift */ = {isa = PBXFileReference; lastKnownFileType = sourcecode.swift; path = FormViewLabel.swift; sourceTree = "<group>"; };
		299FD953219D5AE400A1CE48 /* FormViewTextField.swift */ = {isa = PBXFileReference; lastKnownFileType = sourcecode.swift; path = FormViewTextField.swift; sourceTree = "<group>"; };
		299FD955219D5AFC00A1CE48 /* FormViewTextView.swift */ = {isa = PBXFileReference; lastKnownFileType = sourcecode.swift; path = FormViewTextView.swift; sourceTree = "<group>"; };
		299FD959219D611000A1CE48 /* FormViewSwitcher.swift */ = {isa = PBXFileReference; lastKnownFileType = sourcecode.swift; path = FormViewSwitcher.swift; sourceTree = "<group>"; };
		299FD95D219DAAE600A1CE48 /* FormViewImageView.swift */ = {isa = PBXFileReference; lastKnownFileType = sourcecode.swift; path = FormViewImageView.swift; sourceTree = "<group>"; };
		29ACE7D5224083EB00996CDD /* ExtendedTextField.swift */ = {isa = PBXFileReference; lastKnownFileType = sourcecode.swift; path = ExtendedTextField.swift; sourceTree = "<group>"; };
		29AF404921A279730054360B /* FormViewVerticalContainer.swift */ = {isa = PBXFileReference; lastKnownFileType = sourcecode.swift; path = FormViewVerticalContainer.swift; sourceTree = "<group>"; };
		29AF404B21A27D950054360B /* FormViewHorizontalContainer.swift */ = {isa = PBXFileReference; lastKnownFileType = sourcecode.swift; path = FormViewHorizontalContainer.swift; sourceTree = "<group>"; };
		29AF404D21A283E70054360B /* FormViewButton.swift */ = {isa = PBXFileReference; lastKnownFileType = sourcecode.swift; path = FormViewButton.swift; sourceTree = "<group>"; };
		29AF405021A297E20054360B /* FormValidator.swift */ = {isa = PBXFileReference; lastKnownFileType = sourcecode.swift; path = FormValidator.swift; sourceTree = "<group>"; };
		29AF405221A298B90054360B /* FormLengthValidator.swift */ = {isa = PBXFileReference; lastKnownFileType = sourcecode.swift; path = FormLengthValidator.swift; sourceTree = "<group>"; };
		29AF405421A2AFE10054360B /* FormRequiredValidator.swift */ = {isa = PBXFileReference; lastKnownFileType = sourcecode.swift; path = FormRequiredValidator.swift; sourceTree = "<group>"; };
		29AF405621A2B0330054360B /* FormEmailValidator.swift */ = {isa = PBXFileReference; lastKnownFileType = sourcecode.swift; path = FormEmailValidator.swift; sourceTree = "<group>"; };
		29AF40B821A2E2160054360B /* Form.swift */ = {isa = PBXFileReference; fileEncoding = 4; lastKnownFileType = sourcecode.swift; path = Form.swift; sourceTree = "<group>"; };
		29AF40B921A2E2160054360B /* FormField.swift */ = {isa = PBXFileReference; fileEncoding = 4; lastKnownFileType = sourcecode.swift; path = FormField.swift; sourceTree = "<group>"; };
		29E55D68225D82340069E59B /* FormViewBadge.swift */ = {isa = PBXFileReference; lastKnownFileType = sourcecode.swift; path = FormViewBadge.swift; sourceTree = "<group>"; };
		39852CBF11491DD27888AD8F /* Pods-Form.debug.xcconfig */ = {isa = PBXFileReference; includeInIndex = 1; lastKnownFileType = text.xcconfig; name = "Pods-Form.debug.xcconfig"; path = "Pods/Target Support Files/Pods-Form/Pods-Form.debug.xcconfig"; sourceTree = "<group>"; };
		A82434747E03AE90DD41CB6E /* Pods-Form.release.xcconfig */ = {isa = PBXFileReference; includeInIndex = 1; lastKnownFileType = text.xcconfig; name = "Pods-Form.release.xcconfig"; path = "Pods/Target Support Files/Pods-Form/Pods-Form.release.xcconfig"; sourceTree = "<group>"; };
/* End PBXFileReference section */

/* Begin PBXFrameworksBuildPhase section */
		291E3CED217A3942006C3D4D /* Frameworks */ = {
			isa = PBXFrameworksBuildPhase;
			buildActionMask = 2147483647;
			files = (
				06A72752DF124D6DF1205BD9 /* Pods_Form.framework in Frameworks */,
			);
			runOnlyForDeploymentPostprocessing = 0;
		};
/* End PBXFrameworksBuildPhase section */

/* Begin PBXGroup section */
		2917A2DB21ABEDF900FDD967 /* Core */ = {
			isa = PBXGroup;
			children = (
				2917A2DC21ABEE0200FDD967 /* Operators.swift */,
			);
			name = Core;
			sourceTree = "<group>";
		};
		291E3CE7217A3942006C3D4D = {
			isa = PBXGroup;
			children = (
				291E3CF2217A3942006C3D4D /* Form */,
				291E3CF1217A3942006C3D4D /* Products */,
				8CDFBC595878837F6387A4D3 /* Pods */,
				B2E9442A579E39CDC847E01C /* Frameworks */,
			);
			sourceTree = "<group>";
		};
		291E3CF1217A3942006C3D4D /* Products */ = {
			isa = PBXGroup;
			children = (
				291E3CF0217A3942006C3D4D /* Form.app */,
			);
			name = Products;
			sourceTree = "<group>";
		};
		291E3CF2217A3942006C3D4D /* Form */ = {
			isa = PBXGroup;
			children = (
				2999E72222559DCD00FDBAC4 /* Test */,
				29A650FC21A80CFE00F038D1 /* Classes */,
				291E3CF3217A3942006C3D4D /* AppDelegate.swift */,
				291E3CF5217A3942006C3D4D /* ViewController.swift */,
				299FD8CB219D076400A1CE48 /* TestViewController.swift */,
				29904108219E6A24007DF31F /* TestHeaderFooterView.xib */,
				291E3CF7217A3942006C3D4D /* Main.storyboard */,
				291E3CFA217A3943006C3D4D /* Assets.xcassets */,
				291E3CFC217A3943006C3D4D /* LaunchScreen.storyboard */,
				291E3CFF217A3943006C3D4D /* Info.plist */,
			);
			path = Form;
			sourceTree = "<group>";
		};
		299227B921A85281007869E9 /* FormView */ = {
			isa = PBXGroup;
			children = (
				299227BB21A8551E007869E9 /* Common */,
				29A6510421A80F5200F038D1 /* Extended */,
				29A6510021A80EFF00F038D1 /* HeaderFooters */,
				29A6510521A80F6500F038D1 /* Cells */,
				29A650FE21A80EDB00F038D1 /* Controls */,
				299227BF21A85D89007869E9 /* InputSource */,
				291E3D13217A3A7B006C3D4D /* FormView.swift */,
				291E3D15217A3B13006C3D4D /* FormViewGroup.swift */,
			);
			name = FormView;
			sourceTree = "<group>";
		};
		299227BA21A852D0007869E9 /* Form */ = {
			isa = PBXGroup;
			children = (
				29A650FD21A80EBD00F038D1 /* Validators */,
				29AF40B921A2E2160054360B /* FormField.swift */,
				29AF40B821A2E2160054360B /* Form.swift */,
			);
			name = Form;
			sourceTree = "<group>";
		};
		299227BB21A8551E007869E9 /* Common */ = {
			isa = PBXGroup;
			children = (
				299227BC21A85547007869E9 /* FromViewConstrainable.swift */,
			);
			name = Common;
			sourceTree = "<group>";
		};
		299227BF21A85D89007869E9 /* InputSource */ = {
			isa = PBXGroup;
			children = (
				299227C521A864E2007869E9 /* inputAccessoryViews */,
				299227C421A864D9007869E9 /* inputViews */,
				299227C021A85FE2007869E9 /* FormViewInput.swift */,
				299227C221A86089007869E9 /* SampleFormViewInputSource.swift */,
			);
			name = InputSource;
			sourceTree = "<group>";
		};
		299227C421A864D9007869E9 /* inputViews */ = {
			isa = PBXGroup;
			children = (
			);
			name = inputViews;
			sourceTree = "<group>";
		};
		299227C521A864E2007869E9 /* inputAccessoryViews */ = {
			isa = PBXGroup;
			children = (
			);
			name = inputAccessoryViews;
			sourceTree = "<group>";
		};
		2999E72222559DCD00FDBAC4 /* Test */ = {
			isa = PBXGroup;
			children = (
				2999E72322559DD700FDBAC4 /* ProductSpecCollectionView.swift */,
				291A5C392265A34A00AB209E /* ProductSpecCollectionViewItemCell.swift */,
				291A5C3B2265A7EE00AB209E /* String+Extension.swift */,
			);
			path = Test;
			sourceTree = "<group>";
		};
		29A650FC21A80CFE00F038D1 /* Classes */ = {
			isa = PBXGroup;
			children = (
				2917A2DB21ABEDF900FDD967 /* Core */,
				299227BA21A852D0007869E9 /* Form */,
				299227B921A85281007869E9 /* FormView */,
				29904112219E771F007DF31F /* Former.swift */,
			);
			path = Classes;
			sourceTree = "<group>";
		};
		29A650FD21A80EBD00F038D1 /* Validators */ = {
			isa = PBXGroup;
			children = (
				29AF405021A297E20054360B /* FormValidator.swift */,
				29AF405221A298B90054360B /* FormLengthValidator.swift */,
				29AF405421A2AFE10054360B /* FormRequiredValidator.swift */,
				29AF405621A2B0330054360B /* FormEmailValidator.swift */,
				2947221D2237820D0045B5F4 /* FormRegExValidator.swift */,
				293DB6B52251D32E002CF0D0 /* FormCustomValidator.swift */,
			);
			name = Validators;
			sourceTree = "<group>";
		};
		29A650FE21A80EDB00F038D1 /* Controls */ = {
			isa = PBXGroup;
			children = (
				299FD94F219D5AA900A1CE48 /* FormViewLabel.swift */,
				29E55D68225D82340069E59B /* FormViewBadge.swift */,
				299FD953219D5AE400A1CE48 /* FormViewTextField.swift */,
				299FD955219D5AFC00A1CE48 /* FormViewTextView.swift */,
				299FD959219D611000A1CE48 /* FormViewSwitcher.swift */,
				299FD95D219DAAE600A1CE48 /* FormViewImageView.swift */,
				29AF404D21A283E70054360B /* FormViewButton.swift */,
				293F89662227ACF3007CEE92 /* FormViewSegmented.swift */,
				293F896D2227C684007CEE92 /* FormViewStack.swift */,
				29AF404921A279730054360B /* FormViewVerticalContainer.swift */,
				29AF404B21A27D950054360B /* FormViewHorizontalContainer.swift */,
				299FD94D219D5A5F00A1CE48 /* FormControllable.swift */,
			);
			name = Controls;
			sourceTree = "<group>";
		};
		29A6510021A80EFF00F038D1 /* HeaderFooters */ = {
			isa = PBXGroup;
			children = (
				29904104219E56DC007DF31F /* FormViewHeaderFooterContainer.swift */,
				29904106219E56EF007DF31F /* FormViewHeaderFooterContainerView.swift */,
				299040FD219E525D007DF31F /* FormViewHeaderFooterView.swift */,
				29904101219E5283007DF31F /* FormViewHeaderFooter.swift */,
				291A5C4522670AAB00AB209E /* FormViewHeaderFooterEmpty.swift */,
				291A5C4722670B2F00AB209E /* FormViewHeaderFooterEmptyView.swift */,
			);
			name = HeaderFooters;
			sourceTree = "<group>";
		};
		29A6510421A80F5200F038D1 /* Extended */ = {
			isa = PBXGroup;
			children = (
				291E3D0C217A39BD006C3D4D /* ExtendedButton.swift */,
				291E3D0E217A39BD006C3D4D /* ExtendedLabel.swift */,
				29ACE7D5224083EB00996CDD /* ExtendedTextField.swift */,
				291E3D0D217A39BD006C3D4D /* ExtendedTextView.swift */,
				299227C621A93512007869E9 /* ExtandedBarButtonItem.swift */,
				293F89682227B002007CEE92 /* ExtendedSegmentedControl.swift */,
			);
			name = Extended;
			sourceTree = "<group>";
		};
		29A6510521A80F6500F038D1 /* Cells */ = {
			isa = PBXGroup;
			children = (
				29904114219E7B3A007DF31F /* FormViewCellContainer.swift */,
				29904116219E7B9B007DF31F /* FormViewCellContainerView.swift */,
				2990410E219E75AB007DF31F /* FormViewCell.swift */,
				29904110219E75B4007DF31F /* FormViewCellView.swift */,
			);
			name = Cells;
			sourceTree = "<group>";
		};
		8CDFBC595878837F6387A4D3 /* Pods */ = {
			isa = PBXGroup;
			children = (
				39852CBF11491DD27888AD8F /* Pods-Form.debug.xcconfig */,
				A82434747E03AE90DD41CB6E /* Pods-Form.release.xcconfig */,
			);
			name = Pods;
			sourceTree = "<group>";
		};
		B2E9442A579E39CDC847E01C /* Frameworks */ = {
			isa = PBXGroup;
			children = (
				12814EDBD878061B262834D9 /* Pods_Form.framework */,
			);
			name = Frameworks;
			sourceTree = "<group>";
		};
/* End PBXGroup section */

/* Begin PBXNativeTarget section */
		291E3CEF217A3942006C3D4D /* Form */ = {
			isa = PBXNativeTarget;
			buildConfigurationList = 291E3D02217A3943006C3D4D /* Build configuration list for PBXNativeTarget "Form" */;
			buildPhases = (
				EA13E0C4E46725740F9DCD3C /* [CP] Check Pods Manifest.lock */,
				291E3CEC217A3942006C3D4D /* Sources */,
				291E3CED217A3942006C3D4D /* Frameworks */,
				291E3CEE217A3942006C3D4D /* Resources */,
				87DE34AE022576638135DBE3 /* [CP] Embed Pods Frameworks */,
			);
			buildRules = (
			);
			dependencies = (
			);
			name = Form;
			productName = Form;
			productReference = 291E3CF0217A3942006C3D4D /* Form.app */;
			productType = "com.apple.product-type.application";
		};
/* End PBXNativeTarget section */

/* Begin PBXProject section */
		291E3CE8217A3942006C3D4D /* Project object */ = {
			isa = PBXProject;
			attributes = {
				LastSwiftUpdateCheck = 1000;
				LastUpgradeCheck = 1000;
				ORGANIZATIONNAME = "Alexey Politov";
				TargetAttributes = {
					291E3CEF217A3942006C3D4D = {
						CreatedOnToolsVersion = 10.0;
						LastSwiftMigration = 1010;
					};
				};
			};
			buildConfigurationList = 291E3CEB217A3942006C3D4D /* Build configuration list for PBXProject "Form" */;
			compatibilityVersion = "Xcode 9.3";
			developmentRegion = en;
			hasScannedForEncodings = 0;
			knownRegions = (
				en,
				Base,
			);
			mainGroup = 291E3CE7217A3942006C3D4D;
			productRefGroup = 291E3CF1217A3942006C3D4D /* Products */;
			projectDirPath = "";
			projectRoot = "";
			targets = (
				291E3CEF217A3942006C3D4D /* Form */,
			);
		};
/* End PBXProject section */

/* Begin PBXResourcesBuildPhase section */
		291E3CEE217A3942006C3D4D /* Resources */ = {
			isa = PBXResourcesBuildPhase;
			buildActionMask = 2147483647;
			files = (
				29904109219E6A24007DF31F /* TestHeaderFooterView.xib in Resources */,
				291E3CFE217A3943006C3D4D /* LaunchScreen.storyboard in Resources */,
				291E3CFB217A3943006C3D4D /* Assets.xcassets in Resources */,
				291E3CF9217A3942006C3D4D /* Main.storyboard in Resources */,
			);
			runOnlyForDeploymentPostprocessing = 0;
		};
/* End PBXResourcesBuildPhase section */

/* Begin PBXShellScriptBuildPhase section */
		87DE34AE022576638135DBE3 /* [CP] Embed Pods Frameworks */ = {
			isa = PBXShellScriptBuildPhase;
			buildActionMask = 2147483647;
			files = (
			);
			inputPaths = (
				"${SRCROOT}/Pods/Target Support Files/Pods-Form/Pods-Form-frameworks.sh",
				"${BUILT_PRODUCTS_DIR}/ZSWTappableLabel/ZSWTappableLabel.framework",
			);
			name = "[CP] Embed Pods Frameworks";
			outputPaths = (
				"${TARGET_BUILD_DIR}/${FRAMEWORKS_FOLDER_PATH}/ZSWTappableLabel.framework",
			);
			runOnlyForDeploymentPostprocessing = 0;
			shellPath = /bin/sh;
			shellScript = "\"${SRCROOT}/Pods/Target Support Files/Pods-Form/Pods-Form-frameworks.sh\"\n";
			showEnvVarsInLog = 0;
		};
		EA13E0C4E46725740F9DCD3C /* [CP] Check Pods Manifest.lock */ = {
			isa = PBXShellScriptBuildPhase;
			buildActionMask = 2147483647;
			files = (
			);
			inputPaths = (
				"${PODS_PODFILE_DIR_PATH}/Podfile.lock",
				"${PODS_ROOT}/Manifest.lock",
			);
			name = "[CP] Check Pods Manifest.lock";
			outputPaths = (
				"$(DERIVED_FILE_DIR)/Pods-Form-checkManifestLockResult.txt",
			);
			runOnlyForDeploymentPostprocessing = 0;
			shellPath = /bin/sh;
			shellScript = "diff \"${PODS_PODFILE_DIR_PATH}/Podfile.lock\" \"${PODS_ROOT}/Manifest.lock\" > /dev/null\nif [ $? != 0 ] ; then\n    # print error to STDERR\n    echo \"error: The sandbox is not in sync with the Podfile.lock. Run 'pod install' or update your CocoaPods installation.\" >&2\n    exit 1\nfi\n# This output is used by Xcode 'outputs' to avoid re-running this script phase.\necho \"SUCCESS\" > \"${SCRIPT_OUTPUT_FILE_0}\"\n";
			showEnvVarsInLog = 0;
		};
/* End PBXShellScriptBuildPhase section */

/* Begin PBXSourcesBuildPhase section */
		291E3CEC217A3942006C3D4D /* Sources */ = {
			isa = PBXSourcesBuildPhase;
			buildActionMask = 2147483647;
			files = (
				291A5C4622670AAB00AB209E /* FormViewHeaderFooterEmpty.swift in Sources */,
				291A5C3A2265A34A00AB209E /* ProductSpecCollectionViewItemCell.swift in Sources */,
				29AF405121A297E20054360B /* FormValidator.swift in Sources */,
				29E55D69225D82340069E59B /* FormViewBadge.swift in Sources */,
				29AF404A21A279730054360B /* FormViewVerticalContainer.swift in Sources */,
				291E3D14217A3A7B006C3D4D /* FormView.swift in Sources */,
				299FD94E219D5A5F00A1CE48 /* FormControllable.swift in Sources */,
				29904107219E56EF007DF31F /* FormViewHeaderFooterContainerView.swift in Sources */,
				29904105219E56DC007DF31F /* FormViewHeaderFooterContainer.swift in Sources */,
				2947221E2237820D0045B5F4 /* FormRegExValidator.swift in Sources */,
				299227C121A85FE2007869E9 /* FormViewInput.swift in Sources */,
				293F89692227B002007CEE92 /* ExtendedSegmentedControl.swift in Sources */,
				299227C721A93512007869E9 /* ExtandedBarButtonItem.swift in Sources */,
				299FD95E219DAAE600A1CE48 /* FormViewImageView.swift in Sources */,
				299227BD21A85547007869E9 /* FromViewConstrainable.swift in Sources */,
				29AF405321A298B90054360B /* FormLengthValidator.swift in Sources */,
				2999E72422559DD700FDBAC4 /* ProductSpecCollectionView.swift in Sources */,
				29AF405721A2B0330054360B /* FormEmailValidator.swift in Sources */,
				29AF405521A2AFE10054360B /* FormRequiredValidator.swift in Sources */,
				299227C321A86089007869E9 /* SampleFormViewInputSource.swift in Sources */,
				299FD956219D5AFC00A1CE48 /* FormViewTextView.swift in Sources */,
				291E3CF6217A3942006C3D4D /* ViewController.swift in Sources */,
				29904115219E7B3A007DF31F /* FormViewCellContainer.swift in Sources */,
				299FD8CC219D076400A1CE48 /* TestViewController.swift in Sources */,
				29AF404C21A27D950054360B /* FormViewHorizontalContainer.swift in Sources */,
				2990410F219E75AB007DF31F /* FormViewCell.swift in Sources */,
				299FD95A219D611000A1CE48 /* FormViewSwitcher.swift in Sources */,
				29904117219E7B9B007DF31F /* FormViewCellContainerView.swift in Sources */,
				291E3D0F217A39BD006C3D4D /* ExtendedButton.swift in Sources */,
				29904102219E5283007DF31F /* FormViewHeaderFooter.swift in Sources */,
				2917A2DD21ABEE0200FDD967 /* Operators.swift in Sources */,
				291A5C4822670B2F00AB209E /* FormViewHeaderFooterEmptyView.swift in Sources */,
				293F89672227ACF3007CEE92 /* FormViewSegmented.swift in Sources */,
				29904111219E75B4007DF31F /* FormViewCellView.swift in Sources */,
				29904113219E771F007DF31F /* Former.swift in Sources */,
				29AF404E21A283E70054360B /* FormViewButton.swift in Sources */,
				29AF40BB21A2E2160054360B /* FormField.swift in Sources */,
				299FD950219D5AA900A1CE48 /* FormViewLabel.swift in Sources */,
				29AF40BA21A2E2160054360B /* Form.swift in Sources */,
				291E3D10217A39BD006C3D4D /* ExtendedTextView.swift in Sources */,
				291E3D11217A39BD006C3D4D /* ExtendedLabel.swift in Sources */,
				291A5C3C2265A7EE00AB209E /* String+Extension.swift in Sources */,
				29ACE7D6224083EB00996CDD /* ExtendedTextField.swift in Sources */,
				293F896E2227C684007CEE92 /* FormViewStack.swift in Sources */,
				291E3D16217A3B13006C3D4D /* FormViewGroup.swift in Sources */,
				291E3CF4217A3942006C3D4D /* AppDelegate.swift in Sources */,
				293DB6B62251D32E002CF0D0 /* FormCustomValidator.swift in Sources */,
				299040FE219E525D007DF31F /* FormViewHeaderFooterView.swift in Sources */,
				299FD954219D5AE400A1CE48 /* FormViewTextField.swift in Sources */,
			);
			runOnlyForDeploymentPostprocessing = 0;
		};
/* End PBXSourcesBuildPhase section */

/* Begin PBXVariantGroup section */
		291E3CF7217A3942006C3D4D /* Main.storyboard */ = {
			isa = PBXVariantGroup;
			children = (
				291E3CF8217A3942006C3D4D /* Base */,
			);
			name = Main.storyboard;
			sourceTree = "<group>";
		};
		291E3CFC217A3943006C3D4D /* LaunchScreen.storyboard */ = {
			isa = PBXVariantGroup;
			children = (
				291E3CFD217A3943006C3D4D /* Base */,
			);
			name = LaunchScreen.storyboard;
			sourceTree = "<group>";
		};
/* End PBXVariantGroup section */

/* Begin XCBuildConfiguration section */
		291E3D00217A3943006C3D4D /* Debug */ = {
			isa = XCBuildConfiguration;
			buildSettings = {
				ALWAYS_SEARCH_USER_PATHS = NO;
				CLANG_ANALYZER_NONNULL = YES;
				CLANG_ANALYZER_NUMBER_OBJECT_CONVERSION = YES_AGGRESSIVE;
				CLANG_CXX_LANGUAGE_STANDARD = "gnu++14";
				CLANG_CXX_LIBRARY = "libc++";
				CLANG_ENABLE_MODULES = YES;
				CLANG_ENABLE_OBJC_ARC = YES;
				CLANG_ENABLE_OBJC_WEAK = YES;
				CLANG_WARN_BLOCK_CAPTURE_AUTORELEASING = YES;
				CLANG_WARN_BOOL_CONVERSION = YES;
				CLANG_WARN_COMMA = YES;
				CLANG_WARN_CONSTANT_CONVERSION = YES;
				CLANG_WARN_DEPRECATED_OBJC_IMPLEMENTATIONS = YES;
				CLANG_WARN_DIRECT_OBJC_ISA_USAGE = YES_ERROR;
				CLANG_WARN_DOCUMENTATION_COMMENTS = YES;
				CLANG_WARN_EMPTY_BODY = YES;
				CLANG_WARN_ENUM_CONVERSION = YES;
				CLANG_WARN_INFINITE_RECURSION = YES;
				CLANG_WARN_INT_CONVERSION = YES;
				CLANG_WARN_NON_LITERAL_NULL_CONVERSION = YES;
				CLANG_WARN_OBJC_IMPLICIT_RETAIN_SELF = YES;
				CLANG_WARN_OBJC_LITERAL_CONVERSION = YES;
				CLANG_WARN_OBJC_ROOT_CLASS = YES_ERROR;
				CLANG_WARN_RANGE_LOOP_ANALYSIS = YES;
				CLANG_WARN_STRICT_PROTOTYPES = YES;
				CLANG_WARN_SUSPICIOUS_MOVE = YES;
				CLANG_WARN_UNGUARDED_AVAILABILITY = YES_AGGRESSIVE;
				CLANG_WARN_UNREACHABLE_CODE = YES;
				CLANG_WARN__DUPLICATE_METHOD_MATCH = YES;
				CODE_SIGN_IDENTITY = "iPhone Developer";
				COPY_PHASE_STRIP = NO;
				DEBUG_INFORMATION_FORMAT = dwarf;
				ENABLE_STRICT_OBJC_MSGSEND = YES;
				ENABLE_TESTABILITY = YES;
				GCC_C_LANGUAGE_STANDARD = gnu11;
				GCC_DYNAMIC_NO_PIC = NO;
				GCC_NO_COMMON_BLOCKS = YES;
				GCC_OPTIMIZATION_LEVEL = 0;
				GCC_PREPROCESSOR_DEFINITIONS = (
					"DEBUG=1",
					"$(inherited)",
				);
				GCC_WARN_64_TO_32_BIT_CONVERSION = YES;
				GCC_WARN_ABOUT_RETURN_TYPE = YES_ERROR;
				GCC_WARN_UNDECLARED_SELECTOR = YES;
				GCC_WARN_UNINITIALIZED_AUTOS = YES_AGGRESSIVE;
				GCC_WARN_UNUSED_FUNCTION = YES;
				GCC_WARN_UNUSED_VARIABLE = YES;
				IPHONEOS_DEPLOYMENT_TARGET = 12.0;
				MTL_ENABLE_DEBUG_INFO = INCLUDE_SOURCE;
				MTL_FAST_MATH = YES;
				ONLY_ACTIVE_ARCH = YES;
				SDKROOT = iphoneos;
				SWIFT_ACTIVE_COMPILATION_CONDITIONS = DEBUG;
				SWIFT_OPTIMIZATION_LEVEL = "-Onone";
			};
			name = Debug;
		};
		291E3D01217A3943006C3D4D /* Release */ = {
			isa = XCBuildConfiguration;
			buildSettings = {
				ALWAYS_SEARCH_USER_PATHS = NO;
				CLANG_ANALYZER_NONNULL = YES;
				CLANG_ANALYZER_NUMBER_OBJECT_CONVERSION = YES_AGGRESSIVE;
				CLANG_CXX_LANGUAGE_STANDARD = "gnu++14";
				CLANG_CXX_LIBRARY = "libc++";
				CLANG_ENABLE_MODULES = YES;
				CLANG_ENABLE_OBJC_ARC = YES;
				CLANG_ENABLE_OBJC_WEAK = YES;
				CLANG_WARN_BLOCK_CAPTURE_AUTORELEASING = YES;
				CLANG_WARN_BOOL_CONVERSION = YES;
				CLANG_WARN_COMMA = YES;
				CLANG_WARN_CONSTANT_CONVERSION = YES;
				CLANG_WARN_DEPRECATED_OBJC_IMPLEMENTATIONS = YES;
				CLANG_WARN_DIRECT_OBJC_ISA_USAGE = YES_ERROR;
				CLANG_WARN_DOCUMENTATION_COMMENTS = YES;
				CLANG_WARN_EMPTY_BODY = YES;
				CLANG_WARN_ENUM_CONVERSION = YES;
				CLANG_WARN_INFINITE_RECURSION = YES;
				CLANG_WARN_INT_CONVERSION = YES;
				CLANG_WARN_NON_LITERAL_NULL_CONVERSION = YES;
				CLANG_WARN_OBJC_IMPLICIT_RETAIN_SELF = YES;
				CLANG_WARN_OBJC_LITERAL_CONVERSION = YES;
				CLANG_WARN_OBJC_ROOT_CLASS = YES_ERROR;
				CLANG_WARN_RANGE_LOOP_ANALYSIS = YES;
				CLANG_WARN_STRICT_PROTOTYPES = YES;
				CLANG_WARN_SUSPICIOUS_MOVE = YES;
				CLANG_WARN_UNGUARDED_AVAILABILITY = YES_AGGRESSIVE;
				CLANG_WARN_UNREACHABLE_CODE = YES;
				CLANG_WARN__DUPLICATE_METHOD_MATCH = YES;
				CODE_SIGN_IDENTITY = "iPhone Developer";
				COPY_PHASE_STRIP = NO;
				DEBUG_INFORMATION_FORMAT = "dwarf-with-dsym";
				ENABLE_NS_ASSERTIONS = NO;
				ENABLE_STRICT_OBJC_MSGSEND = YES;
				GCC_C_LANGUAGE_STANDARD = gnu11;
				GCC_NO_COMMON_BLOCKS = YES;
				GCC_WARN_64_TO_32_BIT_CONVERSION = YES;
				GCC_WARN_ABOUT_RETURN_TYPE = YES_ERROR;
				GCC_WARN_UNDECLARED_SELECTOR = YES;
				GCC_WARN_UNINITIALIZED_AUTOS = YES_AGGRESSIVE;
				GCC_WARN_UNUSED_FUNCTION = YES;
				GCC_WARN_UNUSED_VARIABLE = YES;
				IPHONEOS_DEPLOYMENT_TARGET = 12.0;
				MTL_ENABLE_DEBUG_INFO = NO;
				MTL_FAST_MATH = YES;
				SDKROOT = iphoneos;
				SWIFT_COMPILATION_MODE = wholemodule;
				SWIFT_OPTIMIZATION_LEVEL = "-O";
				VALIDATE_PRODUCT = YES;
			};
			name = Release;
		};
		291E3D03217A3943006C3D4D /* Debug */ = {
			isa = XCBuildConfiguration;
			baseConfigurationReference = 39852CBF11491DD27888AD8F /* Pods-Form.debug.xcconfig */;
			buildSettings = {
				ASSETCATALOG_COMPILER_APPICON_NAME = AppIcon;
				CLANG_ENABLE_MODULES = YES;
				CODE_SIGN_STYLE = Automatic;
				DEVELOPMENT_TEAM = QQ984275NN;
				INFOPLIST_FILE = Form/Info.plist;
				LD_RUNPATH_SEARCH_PATHS = (
					"$(inherited)",
					"@executable_path/Frameworks",
				);
				PRODUCT_BUNDLE_IDENTIFIER = com.AlexeyPolitov.Form;
				PRODUCT_NAME = "$(TARGET_NAME)";
				SWIFT_OPTIMIZATION_LEVEL = "-Onone";
				SWIFT_VERSION = 4.2;
				TARGETED_DEVICE_FAMILY = "1,2";
			};
			name = Debug;
		};
		291E3D04217A3943006C3D4D /* Release */ = {
			isa = XCBuildConfiguration;
			baseConfigurationReference = A82434747E03AE90DD41CB6E /* Pods-Form.release.xcconfig */;
			buildSettings = {
				ASSETCATALOG_COMPILER_APPICON_NAME = AppIcon;
				CLANG_ENABLE_MODULES = YES;
				CODE_SIGN_STYLE = Automatic;
				DEVELOPMENT_TEAM = QQ984275NN;
				INFOPLIST_FILE = Form/Info.plist;
				LD_RUNPATH_SEARCH_PATHS = (
					"$(inherited)",
					"@executable_path/Frameworks",
				);
				PRODUCT_BUNDLE_IDENTIFIER = com.AlexeyPolitov.Form;
				PRODUCT_NAME = "$(TARGET_NAME)";
				SWIFT_VERSION = 4.2;
				TARGETED_DEVICE_FAMILY = "1,2";
			};
			name = Release;
		};
/* End XCBuildConfiguration section */

/* Begin XCConfigurationList section */
		291E3CEB217A3942006C3D4D /* Build configuration list for PBXProject "Form" */ = {
			isa = XCConfigurationList;
			buildConfigurations = (
				291E3D00217A3943006C3D4D /* Debug */,
				291E3D01217A3943006C3D4D /* Release */,
			);
			defaultConfigurationIsVisible = 0;
			defaultConfigurationName = Release;
		};
		291E3D02217A3943006C3D4D /* Build configuration list for PBXNativeTarget "Form" */ = {
			isa = XCConfigurationList;
			buildConfigurations = (
				291E3D03217A3943006C3D4D /* Debug */,
				291E3D04217A3943006C3D4D /* Release */,
			);
			defaultConfigurationIsVisible = 0;
			defaultConfigurationName = Release;
		};
/* End XCConfigurationList section */
	};
	rootObject = 291E3CE8217A3942006C3D4D /* Project object */;
}
